
Microsoft Visual Studio Solution File, Format Version 12.00
# Visual Studio 15
VisualStudioVersion = 15.0.26730.12
MinimumVisualStudioVersion = 10.0.40219.1
Project("{FAE04EC0-301F-11D3-BF4B-00C04F79EFBC}") = "CitySearch", "CitySearch\CitySearch.csproj", "{78731B13-43DB-4633-A157-F714A3978D85}"
EndProject
Project("{FAE04EC0-301F-11D3-BF4B-00C04F79EFBC}") = "CitySearchExample", "CitySearchTest\CitySearchExample.csproj", "{997934CB-5F10-4D34-AF2A-0A496453AA52}"
EndProject
Project("{FAE04EC0-301F-11D3-BF4B-00C04F79EFBC}") = "CitySearchTests.cs", "CitySearchTests.cs\CitySearchTests.cs.csproj", "{66625ACC-E604-4540-B36F-97EB085149BB}"
EndProject
Global
	GlobalSection(SolutionConfigurationPlatforms) = preSolution
		Debug|Any CPU = Debug|Any CPU
		Debug|ARM = Debug|ARM
		Debug|x64 = Debug|x64
		Debug|x86 = Debug|x86
		Release|Any CPU = Release|Any CPU
		Release|ARM = Release|ARM
		Release|x64 = Release|x64
		Release|x86 = Release|x86
	EndGlobalSection
	GlobalSection(ProjectConfigurationPlatforms) = postSolution
		{78731B13-43DB-4633-A157-F714A3978D85}.Debug|Any CPU.ActiveCfg = Debug|Any CPU
		{78731B13-43DB-4633-A157-F714A3978D85}.Debug|Any CPU.Build.0 = Debug|Any CPU
		{78731B13-43DB-4633-A157-F714A3978D85}.Debug|ARM.ActiveCfg = Debug|Any CPU
		{78731B13-43DB-4633-A157-F714A3978D85}.Debug|ARM.Build.0 = Debug|Any CPU
		{78731B13-43DB-4633-A157-F714A3978D85}.Debug|x64.ActiveCfg = Debug|Any CPU
		{78731B13-43DB-4633-A157-F714A3978D85}.Debug|x64.Build.0 = Debug|Any CPU
		{78731B13-43DB-4633-A157-F714A3978D85}.Debug|x86.ActiveCfg = Debug|Any CPU
		{78731B13-43DB-4633-A157-F714A3978D85}.Debug|x86.Build.0 = Debug|Any CPU
		{78731B13-43DB-4633-A157-F714A3978D85}.Release|Any CPU.ActiveCfg = Release|Any CPU
		{78731B13-43DB-4633-A157-F714A3978D85}.Release|Any CPU.Build.0 = Release|Any CPU
		{78731B13-43DB-4633-A157-F714A3978D85}.Release|ARM.ActiveCfg = Release|Any CPU
		{78731B13-43DB-4633-A157-F714A3978D85}.Release|ARM.Build.0 = Release|Any CPU
		{78731B13-43DB-4633-A157-F714A3978D85}.Release|x64.ActiveCfg = Release|Any CPU
		{78731B13-43DB-4633-A157-F714A3978D85}.Release|x64.Build.0 = Release|Any CPU
		{78731B13-43DB-4633-A157-F714A3978D85}.Release|x86.ActiveCfg = Release|Any CPU
		{78731B13-43DB-4633-A157-F714A3978D85}.Release|x86.Build.0 = Release|Any CPU
		{997934CB-5F10-4D34-AF2A-0A496453AA52}.Debug|Any CPU.ActiveCfg = Debug|Any CPU
		{997934CB-5F10-4D34-AF2A-0A496453AA52}.Debug|Any CPU.Build.0 = Debug|Any CPU
		{997934CB-5F10-4D34-AF2A-0A496453AA52}.Debug|ARM.ActiveCfg = Debug|Any CPU
		{997934CB-5F10-4D34-AF2A-0A496453AA52}.Debug|ARM.Build.0 = Debug|Any CPU
		{997934CB-5F10-4D34-AF2A-0A496453AA52}.Debug|x64.ActiveCfg = Debug|Any CPU
		{997934CB-5F10-4D34-AF2A-0A496453AA52}.Debug|x64.Build.0 = Debug|Any CPU
		{997934CB-5F10-4D34-AF2A-0A496453AA52}.Debug|x86.ActiveCfg = Debug|Any CPU
		{997934CB-5F10-4D34-AF2A-0A496453AA52}.Debug|x86.Build.0 = Debug|Any CPU
		{997934CB-5F10-4D34-AF2A-0A496453AA52}.Release|Any CPU.ActiveCfg = Release|Any CPU
		{997934CB-5F10-4D34-AF2A-0A496453AA52}.Release|Any CPU.Build.0 = Release|Any CPU
		{997934CB-5F10-4D34-AF2A-0A496453AA52}.Release|ARM.ActiveCfg = Release|Any CPU
		{997934CB-5F10-4D34-AF2A-0A496453AA52}.Release|ARM.Build.0 = Release|Any CPU
		{997934CB-5F10-4D34-AF2A-0A496453AA52}.Release|x64.ActiveCfg = Release|Any CPU
		{997934CB-5F10-4D34-AF2A-0A496453AA52}.Release|x64.Build.0 = Release|Any CPU
		{997934CB-5F10-4D34-AF2A-0A496453AA52}.Release|x86.ActiveCfg = Release|Any CPU
		{997934CB-5F10-4D34-AF2A-0A496453AA52}.Release|x86.Build.0 = Release|Any CPU
		{66625ACC-E604-4540-B36F-97EB085149BB}.Debug|Any CPU.ActiveCfg = Debug|Any CPU
		{66625ACC-E604-4540-B36F-97EB085149BB}.Debug|Any CPU.Build.0 = Debug|Any CPU
		{66625ACC-E604-4540-B36F-97EB085149BB}.Debug|ARM.ActiveCfg = Debug|Any CPU
		{66625ACC-E604-4540-B36F-97EB085149BB}.Debug|ARM.Build.0 = Debug|Any CPU
		{66625ACC-E604-4540-B36F-97EB085149BB}.Debug|x64.ActiveCfg = Debug|Any CPU
		{66625ACC-E604-4540-B36F-97EB085149BB}.Debug|x64.Build.0 = Debug|Any CPU
		{66625ACC-E604-4540-B36F-97EB085149BB}.Debug|x86.ActiveCfg = Debug|Any CPU
		{66625ACC-E604-4540-B36F-97EB085149BB}.Debug|x86.Build.0 = Debug|Any CPU
		{66625ACC-E604-4540-B36F-97EB085149BB}.Release|Any CPU.ActiveCfg = Release|Any CPU
		{66625ACC-E604-4540-B36F-97EB085149BB}.Release|Any CPU.Build.0 = Release|Any CPU
		{66625ACC-E604-4540-B36F-97EB085149BB}.Release|ARM.ActiveCfg = Release|Any CPU
		{66625ACC-E604-4540-B36F-97EB085149BB}.Release|ARM.Build.0 = Release|Any CPU
		{66625ACC-E604-4540-B36F-97EB085149BB}.Release|x64.ActiveCfg = Release|Any CPU
		{66625ACC-E604-4540-B36F-97EB085149BB}.Release|x64.Build.0 = Release|Any CPU
		{66625ACC-E604-4540-B36F-97EB085149BB}.Release|x86.ActiveCfg = Release|Any CPU
		{66625ACC-E604-4540-B36F-97EB085149BB}.Release|x86.Build.0 = Release|Any CPU
	EndGlobalSection
	GlobalSection(SolutionProperties) = preSolution
		HideSolutionNode = FALSE
	EndGlobalSection
	GlobalSection(ExtensibilityGlobals) = postSolution
		SolutionGuid = {7CA1937D-A690-4D3E-9277-BA68BFC1C352}
		EnterpriseLibraryConfigurationToolBinariesPathV6 = packages\EnterpriseLibrary.TransientFaultHandling.6.0.1304.0\lib\portable-net45+win+wp8
	EndGlobalSection
EndGlobal
